
Microsoft Visual Studio Solution File, Format Version 12.00
# Visual Studio 15
VisualStudioVersion = 15.0.28307.902
MinimumVisualStudioVersion = 10.0.40219.1
Project("{FAE04EC0-301F-11D3-BF4B-00C04F79EFBC}") = "MapreduceService", "..\MapreduceDemo\MapreduceService\MapreduceService.csproj", "{99352E57-5211-4ECB-B5F9-41917600B29E}"
EndProject
Project("{FAE04EC0-301F-11D3-BF4B-00C04F79EFBC}") = "MapreduceWebview", "MapreduceWebview\MapreduceWebview.csproj", "{76E11C64-0DA5-4733-8FF5-10E14551BE36}"
EndProject
Project("{FAE04EC0-301F-11D3-BF4B-00C04F79EFBC}") = "Reducer", "Reducer\Reducer.csproj", "{FBCA5304-D838-4189-8C57-864DB1921083}"
EndProject
Project("{FAE04EC0-301F-11D3-BF4B-00C04F79EFBC}") = "JobController", "JobController\JobController.csproj", "{0AC106CA-1C3C-4BB9-B1B3-3B89CEC9888A}"
EndProject
Global
	GlobalSection(SolutionConfigurationPlatforms) = preSolution
		Debug|Any CPU = Debug|Any CPU
		Release|Any CPU = Release|Any CPU
	EndGlobalSection
	GlobalSection(ProjectConfigurationPlatforms) = postSolution
		{99352E57-5211-4ECB-B5F9-41917600B29E}.Debug|Any CPU.ActiveCfg = Debug|Any CPU
		{99352E57-5211-4ECB-B5F9-41917600B29E}.Debug|Any CPU.Build.0 = Debug|Any CPU
		{99352E57-5211-4ECB-B5F9-41917600B29E}.Release|Any CPU.ActiveCfg = Release|Any CPU
		{99352E57-5211-4ECB-B5F9-41917600B29E}.Release|Any CPU.Build.0 = Release|Any CPU
		{76E11C64-0DA5-4733-8FF5-10E14551BE36}.Debug|Any CPU.ActiveCfg = Debug|Any CPU
		{76E11C64-0DA5-4733-8FF5-10E14551BE36}.Debug|Any CPU.Build.0 = Debug|Any CPU
		{76E11C64-0DA5-4733-8FF5-10E14551BE36}.Release|Any CPU.ActiveCfg = Release|Any CPU
		{76E11C64-0DA5-4733-8FF5-10E14551BE36}.Release|Any CPU.Build.0 = Release|Any CPU
		{FBCA5304-D838-4189-8C57-864DB1921083}.Debug|Any CPU.ActiveCfg = Debug|Any CPU
		{FBCA5304-D838-4189-8C57-864DB1921083}.Debug|Any CPU.Build.0 = Debug|Any CPU
		{FBCA5304-D838-4189-8C57-864DB1921083}.Release|Any CPU.ActiveCfg = Release|Any CPU
		{FBCA5304-D838-4189-8C57-864DB1921083}.Release|Any CPU.Build.0 = Release|Any CPU
		{0AC106CA-1C3C-4BB9-B1B3-3B89CEC9888A}.Debug|Any CPU.ActiveCfg = Debug|Any CPU
		{0AC106CA-1C3C-4BB9-B1B3-3B89CEC9888A}.Debug|Any CPU.Build.0 = Debug|Any CPU
		{0AC106CA-1C3C-4BB9-B1B3-3B89CEC9888A}.Release|Any CPU.ActiveCfg = Release|Any CPU
		{0AC106CA-1C3C-4BB9-B1B3-3B89CEC9888A}.Release|Any CPU.Build.0 = Release|Any CPU
	EndGlobalSection
	GlobalSection(SolutionProperties) = preSolution
		HideSolutionNode = FALSE
	EndGlobalSection
	GlobalSection(ExtensibilityGlobals) = postSolution
		SolutionGuid = {24681AB8-B73C-4EE7-A622-17BA3CF42189}
	EndGlobalSection
EndGlobal
